// !$*UTF8*$!
{
	archiveVersion = 1;
	classes = {
	};
	objectVersion = 46;
	objects = {

/* Begin PBXBuildFile section */
		54199DA81D758ABA00310EBA /* AppDelegate.swift in Sources */ = {isa = PBXBuildFile; fileRef = 54199DA71D758ABA00310EBA /* AppDelegate.swift */; };
		54199DAA1D758ABA00310EBA /* ViewController.swift in Sources */ = {isa = PBXBuildFile; fileRef = 54199DA91D758ABA00310EBA /* ViewController.swift */; };
		54199DAD1D758ABA00310EBA /* Main.storyboard in Resources */ = {isa = PBXBuildFile; fileRef = 54199DAB1D758ABA00310EBA /* Main.storyboard */; };
		54199DAF1D758ABA00310EBA /* Assets.xcassets in Resources */ = {isa = PBXBuildFile; fileRef = 54199DAE1D758ABA00310EBA /* Assets.xcassets */; };
		54199DB21D758ABA00310EBA /* LaunchScreen.storyboard in Resources */ = {isa = PBXBuildFile; fileRef = 54199DB01D758ABA00310EBA /* LaunchScreen.storyboard */; };
		54199DBA1D758DDC00310EBA /* pokemon.csv in Resources */ = {isa = PBXBuildFile; fileRef = 54199DB91D758DDC00310EBA /* pokemon.csv */; };
/* End PBXBuildFile section */

/* Begin PBXFileReference section */
		54199DA41D758ABA00310EBA /* pokedex.app */ = {isa = PBXFileReference; explicitFileType = wrapper.application; includeInIndex = 0; path = pokedex.app; sourceTree = BUILT_PRODUCTS_DIR; };
		54199DA71D758ABA00310EBA /* AppDelegate.swift */ = {isa = PBXFileReference; lastKnownFileType = sourcecode.swift; path = AppDelegate.swift; sourceTree = "<group>"; };
		54199DA91D758ABA00310EBA /* ViewController.swift */ = {isa = PBXFileReference; lastKnownFileType = sourcecode.swift; path = ViewController.swift; sourceTree = "<group>"; };
		54199DAC1D758ABA00310EBA /* Base */ = {isa = PBXFileReference; lastKnownFileType = file.storyboard; name = Base; path = Base.lproj/Main.storyboard; sourceTree = "<group>"; };
		54199DAE1D758ABA00310EBA /* Assets.xcassets */ = {isa = PBXFileReference; lastKnownFileType = folder.assetcatalog; path = Assets.xcassets; sourceTree = "<group>"; };
		54199DB11D758ABA00310EBA /* Base */ = {isa = PBXFileReference; lastKnownFileType = file.storyboard; name = Base; path = Base.lproj/LaunchScreen.storyboard; sourceTree = "<group>"; };
		54199DB31D758ABA00310EBA /* Info.plist */ = {isa = PBXFileReference; lastKnownFileType = text.plist.xml; path = Info.plist; sourceTree = "<group>"; };
		54199DB91D758DDC00310EBA /* pokemon.csv */ = {isa = PBXFileReference; fileEncoding = 4; lastKnownFileType = text; path = pokemon.csv; sourceTree = "<group>"; };
/* End PBXFileReference section */

/* Begin PBXFrameworksBuildPhase section */
		54199DA11D758ABA00310EBA /* Frameworks */ = {
			isa = PBXFrameworksBuildPhase;
			buildActionMask = 2147483647;
			files = (
			);
			runOnlyForDeploymentPostprocessing = 0;
		};
/* End PBXFrameworksBuildPhase section */

/* Begin PBXGroup section */
		54199D9B1D758ABA00310EBA = {
			isa = PBXGroup;
			children = (
				54199DA61D758ABA00310EBA /* pokedex */,
				54199DA51D758ABA00310EBA /* Products */,
			);
			sourceTree = "<group>";
		};
		54199DA51D758ABA00310EBA /* Products */ = {
			isa = PBXGroup;
			children = (
				54199DA41D758ABA00310EBA /* pokedex.app */,
			);
			name = Products;
			sourceTree = "<group>";
		};
		54199DA61D758ABA00310EBA /* pokedex */ = {
			isa = PBXGroup;
			children = (
				54199DA71D758ABA00310EBA /* AppDelegate.swift */,
				54199DB91D758DDC00310EBA /* pokemon.csv */,
				54199DA91D758ABA00310EBA /* ViewController.swift */,
				54199DAB1D758ABA00310EBA /* Main.storyboard */,
				54199DAE1D758ABA00310EBA /* Assets.xcassets */,
				54199DB01D758ABA00310EBA /* LaunchScreen.storyboard */,
				54199DB31D758ABA00310EBA /* Info.plist */,
			);
			path = pokedex;
			sourceTree = "<group>";
		};
/* End PBXGroup section */

/* Begin PBXNativeTarget section */
		54199DA31D758ABA00310EBA /* pokedex */ = {
			isa = PBXNativeTarget;
			buildConfigurationList = 54199DB61D758ABA00310EBA /* Build configuration list for PBXNativeTarget "pokedex" */;
			buildPhases = (
				54199DA01D758ABA00310EBA /* Sources */,
				54199DA11D758ABA00310EBA /* Frameworks */,
				54199DA21D758ABA00310EBA /* Resources */,
			);
			buildRules = (
			);
			dependencies = (
			);
			name = pokedex;
			productName = pokedex;
			productReference = 54199DA41D758ABA00310EBA /* pokedex.app */;
			productType = "com.apple.product-type.application";
		};
/* End PBXNativeTarget section */

/* Begin PBXProject section */
		54199D9C1D758ABA00310EBA /* Project object */ = {
			isa = PBXProject;
			attributes = {
				LastSwiftUpdateCheck = 0730;
				LastUpgradeCheck = 0730;
				ORGANIZATIONNAME = Nixon;
				TargetAttributes = {
					54199DA31D758ABA00310EBA = {
						CreatedOnToolsVersion = 7.3.1;
					};
				};
			};
			buildConfigurationList = 54199D9F1D758ABA00310EBA /* Build configuration list for PBXProject "pokedex" */;
			compatibilityVersion = "Xcode 3.2";
			developmentRegion = English;
			hasScannedForEncodings = 0;
			knownRegions = (
				en,
				Base,
			);
			mainGroup = 54199D9B1D758ABA00310EBA;
			productRefGroup = 54199DA51D758ABA00310EBA /* Products */;
			projectDirPath = "";
			projectRoot = "";
			targets = (
				54199DA31D758ABA00310EBA /* pokedex */,
			);
		};
/* End PBXProject section */

/* Begin PBXResourcesBuildPhase section */
		54199DA21D758ABA00310EBA /* Resources */ = {
			isa = PBXResourcesBuildPhase;
			buildActionMask = 2147483647;
			files = (
				54199DB21D758ABA00310EBA /* LaunchScreen.storyboard in Resources */,
				54199DAF1D758ABA00310EBA /* Assets.xcassets in Resources */,
				54199DBA1D758DDC00310EBA /* pokemon.csv in Resources */,
				54199DAD1D758ABA00310EBA /* Main.storyboard in Resources */,
			);
			runOnlyForDeploymentPostprocessing = 0;
		};
/* End PBXResourcesBuildPhase section */

/* Begin PBXSourcesBuildPhase section */
		54199DA01D758ABA00310EBA /* Sources */ = {
			isa = PBXSourcesBuildPhase;
			buildActionMask = 2147483647;
			files = (
				54199DAA1D758ABA00310EBA /* ViewController.swift in Sources */,
				54199DA81D758ABA00310EBA /* AppDelegate.swift in Sources */,
			);
			runOnlyForDeploymentPostprocessing = 0;
		};
/* End PBXSourcesBuildPhase section */

/* Begin PBXVariantGroup section */
		54199DAB1D758ABA00310EBA /* Main.storyboard */ = {
			isa = PBXVariantGroup;
			children = (
				54199DAC1D758ABA00310EBA /* Base */,
			);
			name = Main.storyboard;
			sourceTree = "<group>";
		};
		54199DB01D758ABA00310EBA /* LaunchScreen.storyboard */ = {
			isa = PBXVariantGroup;
			children = (
				54199DB11D758ABA00310EBA /* Base */,
			);
			name = LaunchScreen.storyboard;
			sourceTree = "<group>";
		};
/* End PBXVariantGroup section */

/* Begin XCBuildConfiguration section */
		54199DB41D758ABA00310EBA /* Debug */ = {
			isa = XCBuildConfiguration;
			buildSettings = {
				ALWAYS_SEARCH_USER_PATHS = NO;
				CLANG_ANALYZER_NONNULL = YES;
				CLANG_CXX_LANGUAGE_STANDARD = "gnu++0x";
				CLANG_CXX_LIBRARY = "libc++";
				CLANG_ENABLE_MODULES = YES;
				CLANG_ENABLE_OBJC_ARC = YES;
				CLANG_WARN_BOOL_CONVERSION = YES;
				CLANG_WARN_CONSTANT_CONVERSION = YES;
				CLANG_WARN_DIRECT_OBJC_ISA_USAGE = YES_ERROR;
				CLANG_WARN_EMPTY_BODY = YES;
				CLANG_WARN_ENUM_CONVERSION = YES;
				CLANG_WARN_INT_CONVERSION = YES;
				CLANG_WARN_OBJC_ROOT_CLASS = YES_ERROR;
				CLANG_WARN_UNREACHABLE_CODE = YES;
				CLANG_WARN__DUPLICATE_METHOD_MATCH = YES;
				"CODE_SIGN_IDENTITY[sdk=iphoneos*]" = "iPhone Developer";
				COPY_PHASE_STRIP = NO;
				DEBUG_INFORMATION_FORMAT = dwarf;
				ENABLE_STRICT_OBJC_MSGSEND = YES;
				ENABLE_TESTABILITY = YES;
				GCC_C_LANGUAGE_STANDARD = gnu99;
				GCC_DYNAMIC_NO_PIC = NO;
				GCC_NO_COMMON_BLOCKS = YES;
				GCC_OPTIMIZATION_LEVEL = 0;
				GCC_PREPROCESSOR_DEFINITIONS = (
					"DEBUG=1",
					"$(inherited)",
				);
				GCC_WARN_64_TO_32_BIT_CONVERSION = YES;
				GCC_WARN_ABOUT_RETURN_TYPE = YES_ERROR;
				GCC_WARN_UNDECLARED_SELECTOR = YES;
				GCC_WARN_UNINITIALIZED_AUTOS = YES_AGGRESSIVE;
				GCC_WARN_UNUSED_FUNCTION = YES;
				GCC_WARN_UNUSED_VARIABLE = YES;
				IPHONEOS_DEPLOYMENT_TARGET = 9.3;
				MTL_ENABLE_DEBUG_INFO = YES;
				ONLY_ACTIVE_ARCH = YES;
				SDKROOT = iphoneos;
				SWIFT_OPTIMIZATION_LEVEL = "-Onone";
				TARGETED_DEVICE_FAMILY = "1,2";
			};
			name = Debug;
		};
		54199DB51D758ABA00310EBA /* Release */ = {
			isa = XCBuildConfiguration;
			buildSettings = {
				ALWAYS_SEARCH_USER_PATHS = NO;
				CLANG_ANALYZER_NONNULL = YES;
				CLANG_CXX_LANGUAGE_STANDARD = "gnu++0x";
				CLANG_CXX_LIBRARY = "libc++";
				CLANG_ENABLE_MODULES = YES;
				CLANG_ENABLE_OBJC_ARC = YES;
				CLANG_WARN_BOOL_CONVERSION = YES;
				CLANG_WARN_CONSTANT_CONVERSION = YES;
				CLANG_WARN_DIRECT_OBJC_ISA_USAGE = YES_ERROR;
				CLANG_WARN_EMPTY_BODY = YES;
				CLANG_WARN_ENUM_CONVERSION = YES;
				CLANG_WARN_INT_CONVERSION = YES;
				CLANG_WARN_OBJC_ROOT_CLASS = YES_ERROR;
				CLANG_WARN_UNREACHABLE_CODE = YES;
				CLANG_WARN__DUPLICATE_METHOD_MATCH = YES;
				"CODE_SIGN_IDENTITY[sdk=iphoneos*]" = "iPhone Developer";
				COPY_PHASE_STRIP = NO;
				DEBUG_INFORMATION_FORMAT = "dwarf-with-dsym";
				ENABLE_NS_ASSERTIONS = NO;
				ENABLE_STRICT_OBJC_MSGSEND = YES;
				GCC_C_LANGUAGE_STANDARD = gnu99;
				GCC_NO_COMMON_BLOCKS = YES;
				GCC_WARN_64_TO_32_BIT_CONVERSION = YES;
				GCC_WARN_ABOUT_RETURN_TYPE = YES_ERROR;
				GCC_WARN_UNDECLARED_SELECTOR = YES;
				GCC_WARN_UNINITIALIZED_AUTOS = YES_AGGRESSIVE;
				GCC_WARN_UNUSED_FUNCTION = YES;
				GCC_WARN_UNUSED_VARIABLE = YES;
				IPHONEOS_DEPLOYMENT_TARGET = 9.3;
				MTL_ENABLE_DEBUG_INFO = NO;
				SDKROOT = iphoneos;
				TARGETED_DEVICE_FAMILY = "1,2";
				VALIDATE_PRODUCT = YES;
			};
			name = Release;
		};
		54199DB71D758ABA00310EBA /* Debug */ = {
			isa = XCBuildConfiguration;
			buildSettings = {
				ASSETCATALOG_COMPILER_APPICON_NAME = AppIcon;
				INFOPLIST_FILE = pokedex/Info.plist;
				LD_RUNPATH_SEARCH_PATHS = "$(inherited) @executable_path/Frameworks";
				PRODUCT_BUNDLE_IDENTIFIER = com.gmdevs.pokedex;
				PRODUCT_NAME = "$(TARGET_NAME)";
			};
			name = Debug;
		};
		54199DB81D758ABA00310EBA /* Release */ = {
			isa = XCBuildConfiguration;
			buildSettings = {
				ASSETCATALOG_COMPILER_APPICON_NAME = AppIcon;
				INFOPLIST_FILE = pokedex/Info.plist;
				LD_RUNPATH_SEARCH_PATHS = "$(inherited) @executable_path/Frameworks";
				PRODUCT_BUNDLE_IDENTIFIER = com.gmdevs.pokedex;
				PRODUCT_NAME = "$(TARGET_NAME)";
			};
			name = Release;
		};
/* End XCBuildConfiguration section */

/* Begin XCConfigurationList section */
		54199D9F1D758ABA00310EBA /* Build configuration list for PBXProject "pokedex" */ = {
			isa = XCConfigurationList;
			buildConfigurations = (
				54199DB41D758ABA00310EBA /* Debug */,
				54199DB51D758ABA00310EBA /* Release */,
			);
			defaultConfigurationIsVisible = 0;
			defaultConfigurationName = Release;
		};
		54199DB61D758ABA00310EBA /* Build configuration list for PBXNativeTarget "pokedex" */ = {
			isa = XCConfigurationList;
			buildConfigurations = (
				54199DB71D758ABA00310EBA /* Debug */,
				54199DB81D758ABA00310EBA /* Release */,
			);
			defaultConfigurationIsVisible = 0;
		};
/* End XCConfigurationList section */
	};
	rootObject = 54199D9C1D758ABA00310EBA /* Project object */;
}
